
Microsoft Visual Studio Solution File, Format Version 12.00
# Visual Studio Version 16
VisualStudioVersion = 16.0.32510.428
MinimumVisualStudioVersion = 10.0.40219.1
Project("{FAE04EC0-301F-11D3-BF4B-00C04F79EFBC}") = "TestDrivenDevelopment", "TestDrivenDevelopment\TestDrivenDevelopment.csproj", "{AE3AD4D3-314D-49B4-8D47-E20B60F6DDC8}"
EndProject
Project("{FAE04EC0-301F-11D3-BF4B-00C04F79EFBC}") = "TestDrivenDevelopmentTest", "TestDrivenDevelopmentTest\TestDrivenDevelopmentTest.csproj", "{904E1DE3-1DF7-4E62-9A3B-CAA5BC3D048C}"
EndProject
Global
	GlobalSection(SolutionConfigurationPlatforms) = preSolution
		Debug|Any CPU = Debug|Any CPU
		Release|Any CPU = Release|Any CPU
	EndGlobalSection
	GlobalSection(ProjectConfigurationPlatforms) = postSolution
		{AE3AD4D3-314D-49B4-8D47-E20B60F6DDC8}.Debug|Any CPU.ActiveCfg = Debug|Any CPU
		{AE3AD4D3-314D-49B4-8D47-E20B60F6DDC8}.Debug|Any CPU.Build.0 = Debug|Any CPU
		{AE3AD4D3-314D-49B4-8D47-E20B60F6DDC8}.Release|Any CPU.ActiveCfg = Release|Any CPU
		{AE3AD4D3-314D-49B4-8D47-E20B60F6DDC8}.Release|Any CPU.Build.0 = Release|Any CPU
		{904E1DE3-1DF7-4E62-9A3B-CAA5BC3D048C}.Debug|Any CPU.ActiveCfg = Debug|Any CPU
		{904E1DE3-1DF7-4E62-9A3B-CAA5BC3D048C}.Debug|Any CPU.Build.0 = Debug|Any CPU
		{904E1DE3-1DF7-4E62-9A3B-CAA5BC3D048C}.Release|Any CPU.ActiveCfg = Release|Any CPU
		{904E1DE3-1DF7-4E62-9A3B-CAA5BC3D048C}.Release|Any CPU.Build.0 = Release|Any CPU
	EndGlobalSection
	GlobalSection(SolutionProperties) = preSolution
		HideSolutionNode = FALSE
	EndGlobalSection
	GlobalSection(ExtensibilityGlobals) = postSolution
		SolutionGuid = {83A940DF-750B-4E96-A291-14AE1ED2F52A}
	EndGlobalSection
EndGlobal
